
Microsoft Visual Studio Solution File, Format Version 12.00
# Visual Studio Version 17
VisualStudioVersion = 17.4.33122.133
MinimumVisualStudioVersion = 10.0.40219.1
Project("{9A19103F-16F7-4668-BE54-9A1E7A4F7556}") = "Interface", "Interface.csproj", "{32FCA6F5-6A85-47AD-B0C2-5AD7BC865DFA}"
EndProject
Project("{FAE04EC0-301F-11D3-BF4B-00C04F79EFBC}") = "PDFEditor", "..\PDFEditor\PDFEditor.csproj", "{1467108C-FF69-454D-AA87-9A8ADFD80B0E}"
EndProject
Global
	GlobalSection(SolutionConfigurationPlatforms) = preSolution
		Debug|Any CPU = Debug|Any CPU
		Release|Any CPU = Release|Any CPU
	EndGlobalSection
	GlobalSection(ProjectConfigurationPlatforms) = postSolution
		{32FCA6F5-6A85-47AD-B0C2-5AD7BC865DFA}.Debug|Any CPU.ActiveCfg = Debug|Any CPU
		{32FCA6F5-6A85-47AD-B0C2-5AD7BC865DFA}.Debug|Any CPU.Build.0 = Debug|Any CPU
		{32FCA6F5-6A85-47AD-B0C2-5AD7BC865DFA}.Release|Any CPU.ActiveCfg = Release|Any CPU
		{32FCA6F5-6A85-47AD-B0C2-5AD7BC865DFA}.Release|Any CPU.Build.0 = Release|Any CPU
		{1467108C-FF69-454D-AA87-9A8ADFD80B0E}.Debug|Any CPU.ActiveCfg = Debug|Any CPU
		{1467108C-FF69-454D-AA87-9A8ADFD80B0E}.Debug|Any CPU.Build.0 = Debug|Any CPU
		{1467108C-FF69-454D-AA87-9A8ADFD80B0E}.Release|Any CPU.ActiveCfg = Release|Any CPU
		{1467108C-FF69-454D-AA87-9A8ADFD80B0E}.Release|Any CPU.Build.0 = Release|Any CPU
	EndGlobalSection
	GlobalSection(SolutionProperties) = preSolution
		HideSolutionNode = FALSE
	EndGlobalSection
	GlobalSection(ExtensibilityGlobals) = postSolution
		SolutionGuid = {50AD71CB-9A1B-48CA-A5D4-634B704638AC}
	EndGlobalSection
EndGlobal
